# THIS IS AN AUTOGENERATED FILE. DO NOT EDIT THIS FILE DIRECTLY.
# yarn lockfile v1


"@stencil/core@2.0.3":
  version "2.0.3"
  resolved "https://registry.yarnpkg.com/@stencil/core/-/core-2.0.3.tgz#8719d3131362076a35b7a7c865de4720766f3f47"
  integrity sha512-d4qLDN7HKwJEK+ljhknD8azpM4bF49Dv7h5yG3RF+SPo8uozDq3p5ZNj1MgZoRgzh04kXNyG/MKnD8H2QN5YVw==
